<?xml version="1.0" encoding="utf-8"?>
<Project ToolsVersion="4.0" xmlns="http://schemas.microsoft.com/developer/msbuild/2003">
  <ItemGroup>
    <Filter Include="Render">
      <UniqueIdentifier>{0ea35788-74b2-4fc1-b1f1-bb479179e3bf}</UniqueIdentifier>
    </Filter>
  </ItemGroup>
  <ItemGroup>
    <ClCompile Include="..\..\src\main.cpp" />
  </ItemGroup>
  <ItemGroup>
    <ClInclude Include="..\..\src\Render\Core.h">
      <Filter>Render</Filter>
    </ClInclude>
    <ClInclude Include="..\..\src\Render\Render.h">
      <Filter>Render</Filter>
    </ClInclude>
    <ClInclude Include="..\..\src\Render\Swapchain.h">
      <Filter>Render</Filter>
    </ClInclude>
    <ClInclude Include="..\..\src\Render\ImageView.h">
      <Filter>Render</Filter>
    </ClInclude>
    <ClInclude Include="..\..\src\Render\Pipeline.h">
      <Filter>Render</Filter>
    </ClInclude>
    <ClInclude Include="..\..\src\Render\ShaderModule.h">
      <Filter>Render</Filter>
    </ClInclude>
    <ClInclude Include="..\..\src\Render\QueueIndices.h">
      <Filter>Render</Filter>
    </ClInclude>
    <ClInclude Include="..\..\src\Render\Surface.h">
      <Filter>Render</Filter>
    </ClInclude>
    <ClInclude Include="..\..\src\Render\Framebuffer.h">
      <Filter>Render</Filter>
    </ClInclude>
    <ClInclude Include="..\..\src\Render\RenderPass.h">
      <Filter>Render</Filter>
    </ClInclude>
    <ClInclude Include="..\..\src\Render\RenderStateCache.h">
      <Filter>Render</Filter>
    </ClInclude>
  </ItemGroup>
</Project>